
Microsoft Visual Studio Solution File, Format Version 12.00
# Visual Studio Version 17
VisualStudioVersion = 17.0.31903.59
MinimumVisualStudioVersion = 10.0.40219.1
Project("{9A19103F-16F7-4668-BE54-9A1E7A4F7556}") = "MultipleLinearRegressionWithGradientDescent", "MultipleLinearRegressionWithGradientDescent\MultipleLinearRegressionWithGradientDescent.csproj", "{F1E23FA8-B805-4114-9E2C-28EFD778D89B}"
EndProject
Project("{9A19103F-16F7-4668-BE54-9A1E7A4F7556}") = "NeuralNetworks", "NeuralNetworks\NeuralNetworks.csproj", "{6DC57406-CC06-4374-8591-2320CF2D848A}"
EndProject
Project("{9A19103F-16F7-4668-BE54-9A1E7A4F7556}") = "AI.Tests", "AI.Tests\AI.Tests.csproj", "{E7AB28B2-DB5F-4D20-88C9-98BA8A142CC3}"
EndProject
Project("{9A19103F-16F7-4668-BE54-9A1E7A4F7556}") = "NeuralNetworks.Console", "NeuralNetworks.Console\NeuralNetworks.Console.csproj", "{3F94995F-7144-4DF3-B06A-0512B5BE7560}"
EndProject
Project("{9A19103F-16F7-4668-BE54-9A1E7A4F7556}") = "TensorflowTest", "TensorflowTest\TensorflowTest.csproj", "{FE173966-001D-4CB8-9340-E2C0D6D4BA6C}"
EndProject
Project("{9A19103F-16F7-4668-BE54-9A1E7A4F7556}") = "DecisionTrees", "DecisionTrees\DecisionTrees.csproj", "{B1C39440-8B3C-412C-ACB0-B716FE24D58D}"
EndProject
Project("{9A19103F-16F7-4668-BE54-9A1E7A4F7556}") = "DecisionTrees.Tests", "DecisionTrees.Tests\DecisionTrees.Tests.csproj", "{F8325A3D-6282-4AFA-B15B-78BAE42172AE}"
EndProject
Project("{9A19103F-16F7-4668-BE54-9A1E7A4F7556}") = "KMeansImageCompression", "KMeansImageCompression\KMeansImageCompression.csproj", "{D14F1FA8-6A50-48DC-B6DE-E78B33D593DB}"
EndProject
Project("{9A19103F-16F7-4668-BE54-9A1E7A4F7556}") = "KMeansImageCompression.Tests", "KMeansImageCompression.Tests\KMeansImageCompression.Tests.csproj", "{1E23522A-DA0C-425A-AC97-05D90B6804F4}"
EndProject
Project("{FAE04EC0-301F-11D3-BF4B-00C04F79EFBC}") = "AnomalyDetection", "AnomalyDetection\AnomalyDetection\AnomalyDetection.csproj", "{A60F423A-A110-41E2-8580-A770514A0D28}"
EndProject
Project("{FAE04EC0-301F-11D3-BF4B-00C04F79EFBC}") = "AnomalyDetection.Client", "AnomalyDetection\AnomalyDetection.Client\AnomalyDetection.Client.csproj", "{8C290EB7-3D9A-4D1B-A9D7-801E3EEE5E2E}"
EndProject
Global
	GlobalSection(SolutionConfigurationPlatforms) = preSolution
		Debug|Any CPU = Debug|Any CPU
		Release|Any CPU = Release|Any CPU
	EndGlobalSection
	GlobalSection(ProjectConfigurationPlatforms) = postSolution
		{F1E23FA8-B805-4114-9E2C-28EFD778D89B}.Debug|Any CPU.ActiveCfg = Debug|Any CPU
		{F1E23FA8-B805-4114-9E2C-28EFD778D89B}.Debug|Any CPU.Build.0 = Debug|Any CPU
		{F1E23FA8-B805-4114-9E2C-28EFD778D89B}.Release|Any CPU.ActiveCfg = Release|Any CPU
		{F1E23FA8-B805-4114-9E2C-28EFD778D89B}.Release|Any CPU.Build.0 = Release|Any CPU
		{6DC57406-CC06-4374-8591-2320CF2D848A}.Debug|Any CPU.ActiveCfg = Debug|Any CPU
		{6DC57406-CC06-4374-8591-2320CF2D848A}.Debug|Any CPU.Build.0 = Debug|Any CPU
		{6DC57406-CC06-4374-8591-2320CF2D848A}.Release|Any CPU.ActiveCfg = Release|Any CPU
		{6DC57406-CC06-4374-8591-2320CF2D848A}.Release|Any CPU.Build.0 = Release|Any CPU
		{E7AB28B2-DB5F-4D20-88C9-98BA8A142CC3}.Debug|Any CPU.ActiveCfg = Debug|Any CPU
		{E7AB28B2-DB5F-4D20-88C9-98BA8A142CC3}.Debug|Any CPU.Build.0 = Debug|Any CPU
		{E7AB28B2-DB5F-4D20-88C9-98BA8A142CC3}.Release|Any CPU.ActiveCfg = Release|Any CPU
		{E7AB28B2-DB5F-4D20-88C9-98BA8A142CC3}.Release|Any CPU.Build.0 = Release|Any CPU
		{3F94995F-7144-4DF3-B06A-0512B5BE7560}.Debug|Any CPU.ActiveCfg = Debug|Any CPU
		{3F94995F-7144-4DF3-B06A-0512B5BE7560}.Debug|Any CPU.Build.0 = Debug|Any CPU
		{3F94995F-7144-4DF3-B06A-0512B5BE7560}.Release|Any CPU.ActiveCfg = Release|Any CPU
		{3F94995F-7144-4DF3-B06A-0512B5BE7560}.Release|Any CPU.Build.0 = Release|Any CPU
		{FE173966-001D-4CB8-9340-E2C0D6D4BA6C}.Debug|Any CPU.ActiveCfg = Debug|Any CPU
		{FE173966-001D-4CB8-9340-E2C0D6D4BA6C}.Debug|Any CPU.Build.0 = Debug|Any CPU
		{FE173966-001D-4CB8-9340-E2C0D6D4BA6C}.Release|Any CPU.ActiveCfg = Release|Any CPU
		{FE173966-001D-4CB8-9340-E2C0D6D4BA6C}.Release|Any CPU.Build.0 = Release|Any CPU
		{B1C39440-8B3C-412C-ACB0-B716FE24D58D}.Debug|Any CPU.ActiveCfg = Debug|Any CPU
		{B1C39440-8B3C-412C-ACB0-B716FE24D58D}.Debug|Any CPU.Build.0 = Debug|Any CPU
		{B1C39440-8B3C-412C-ACB0-B716FE24D58D}.Release|Any CPU.ActiveCfg = Release|Any CPU
		{B1C39440-8B3C-412C-ACB0-B716FE24D58D}.Release|Any CPU.Build.0 = Release|Any CPU
		{F8325A3D-6282-4AFA-B15B-78BAE42172AE}.Debug|Any CPU.ActiveCfg = Debug|Any CPU
		{F8325A3D-6282-4AFA-B15B-78BAE42172AE}.Debug|Any CPU.Build.0 = Debug|Any CPU
		{F8325A3D-6282-4AFA-B15B-78BAE42172AE}.Release|Any CPU.ActiveCfg = Release|Any CPU
		{F8325A3D-6282-4AFA-B15B-78BAE42172AE}.Release|Any CPU.Build.0 = Release|Any CPU
		{D14F1FA8-6A50-48DC-B6DE-E78B33D593DB}.Debug|Any CPU.ActiveCfg = Debug|Any CPU
		{D14F1FA8-6A50-48DC-B6DE-E78B33D593DB}.Debug|Any CPU.Build.0 = Debug|Any CPU
		{D14F1FA8-6A50-48DC-B6DE-E78B33D593DB}.Release|Any CPU.ActiveCfg = Release|Any CPU
		{D14F1FA8-6A50-48DC-B6DE-E78B33D593DB}.Release|Any CPU.Build.0 = Release|Any CPU
		{1E23522A-DA0C-425A-AC97-05D90B6804F4}.Debug|Any CPU.ActiveCfg = Debug|Any CPU
		{1E23522A-DA0C-425A-AC97-05D90B6804F4}.Debug|Any CPU.Build.0 = Debug|Any CPU
		{1E23522A-DA0C-425A-AC97-05D90B6804F4}.Release|Any CPU.ActiveCfg = Release|Any CPU
		{1E23522A-DA0C-425A-AC97-05D90B6804F4}.Release|Any CPU.Build.0 = Release|Any CPU
		{A60F423A-A110-41E2-8580-A770514A0D28}.Debug|Any CPU.ActiveCfg = Debug|Any CPU
		{A60F423A-A110-41E2-8580-A770514A0D28}.Debug|Any CPU.Build.0 = Debug|Any CPU
		{A60F423A-A110-41E2-8580-A770514A0D28}.Release|Any CPU.ActiveCfg = Release|Any CPU
		{A60F423A-A110-41E2-8580-A770514A0D28}.Release|Any CPU.Build.0 = Release|Any CPU
		{8C290EB7-3D9A-4D1B-A9D7-801E3EEE5E2E}.Debug|Any CPU.ActiveCfg = Debug|Any CPU
		{8C290EB7-3D9A-4D1B-A9D7-801E3EEE5E2E}.Debug|Any CPU.Build.0 = Debug|Any CPU
		{8C290EB7-3D9A-4D1B-A9D7-801E3EEE5E2E}.Release|Any CPU.ActiveCfg = Release|Any CPU
		{8C290EB7-3D9A-4D1B-A9D7-801E3EEE5E2E}.Release|Any CPU.Build.0 = Release|Any CPU
	EndGlobalSection
	GlobalSection(SolutionProperties) = preSolution
		HideSolutionNode = FALSE
	EndGlobalSection
	GlobalSection(ExtensibilityGlobals) = postSolution
		SolutionGuid = {7B13A0EC-8018-41F1-89F0-AA14645404BA}
	EndGlobalSection
EndGlobal
